
Microsoft Visual Studio Solution File, Format Version 12.00
# Visual Studio Version 16
VisualStudioVersion = 16.0.30523.141
MinimumVisualStudioVersion = 10.0.40219.1
Project("{FAE04EC0-301F-11D3-BF4B-00C04F79EFBC}") = "Forms", "Forms\Forms.csproj", "{1FABDB25-CDE8-487F-A187-45F188845341}"
EndProject
Global
	GlobalSection(SolutionConfigurationPlatforms) = preSolution
		Debug|Any CPU = Debug|Any CPU
		Release|Any CPU = Release|Any CPU
	EndGlobalSection
	GlobalSection(ProjectConfigurationPlatforms) = postSolution
		{1FABDB25-CDE8-487F-A187-45F188845341}.Debug|Any CPU.ActiveCfg = Debug|Any CPU
		{1FABDB25-CDE8-487F-A187-45F188845341}.Debug|Any CPU.Build.0 = Debug|Any CPU
		{1FABDB25-CDE8-487F-A187-45F188845341}.Release|Any CPU.ActiveCfg = Release|Any CPU
		{1FABDB25-CDE8-487F-A187-45F188845341}.Release|Any CPU.Build.0 = Release|Any CPU
	EndGlobalSection
	GlobalSection(SolutionProperties) = preSolution
		HideSolutionNode = FALSE
	EndGlobalSection
	GlobalSection(ExtensibilityGlobals) = postSolution
		SolutionGuid = {EF295307-EA31-4FD0-A318-C31661288D17}
	EndGlobalSection
EndGlobal
